{
  "name": "ajs_node",
  "version": "1.0.0",
  "lockfileVersion": 2,
  "requires": true,
  "packages": {
    "": {
      "name": "ajs_node",
      "version": "1.0.0",
      "license": "ISC",
      "dependencies": {
        "@dim4ik1985/ajs": "^1.0.0"
      }
    },
    "node_modules/@dim4ik1985/ajs": {
      "version": "1.0.0",
      "resolved": "https://npm.pkg.github.com/download/@dim4ik1985/ajs/1.0.0/e8647d2b7bf50bbf01035234bacce65bef6edf8c",
      "integrity": "sha512-h2J9pP7gQt/sGNA7d7ibS2ixxdxo3HulKzjlpzywY7geEt5npaE8KgaHh3YtXYbqZksvlWA5NyNywSLooeTa2w==",
      "license": "ISC"
    }
  },
  "dependencies": {
    "@dim4ik1985/ajs": {
      "version": "1.0.0",
      "resolved": "https://npm.pkg.github.com/download/@dim4ik1985/ajs/1.0.0/e8647d2b7bf50bbf01035234bacce65bef6edf8c",
      "integrity": "sha512-h2J9pP7gQt/sGNA7d7ibS2ixxdxo3HulKzjlpzywY7geEt5npaE8KgaHh3YtXYbqZksvlWA5NyNywSLooeTa2w=="
    }
  }
}
